Microsoft Visual Studio Solution File, Format Version 12.00
# Visual Studio Version 17
VisualStudioVersion = 17.5.2.0
MinimumVisualStudioVersion = 10.0.40219.1
Project("{FAE04EC0-301F-11D3-BF4B-00C04F79EFBC}") = "Playwright_DotNet_E2E", "Playwright_DotNet_E2E\Playwright_DotNet_E2E.csproj", "{5CDD6902-C0D0-2A28-8782-3965AC12EC61}"
EndProject
Global
	GlobalSection(SolutionConfigurationPlatforms) = preSolution
		Debug|Any CPU = Debug|Any CPU
		Release|Any CPU = Release|Any CPU
	EndGlobalSection
	GlobalSection(ProjectConfigurationPlatforms) = postSolution
		{5CDD6902-C0D0-2A28-8782-3965AC12EC61}.Debug|Any CPU.ActiveCfg = Debug|Any CPU
		{5CDD6902-C0D0-2A28-8782-3965AC12EC61}.Debug|Any CPU.Build.0 = Debug|Any CPU
		{5CDD6902-C0D0-2A28-8782-3965AC12EC61}.Release|Any CPU.ActiveCfg = Release|Any CPU
		{5CDD6902-C0D0-2A28-8782-3965AC12EC61}.Release|Any CPU.Build.0 = Release|Any CPU
	EndGlobalSection
	GlobalSection(SolutionProperties) = preSolution
		HideSolutionNode = FALSE
	EndGlobalSection
	GlobalSection(ExtensibilityGlobals) = postSolution
		SolutionGuid = {008A03E6-625F-4EB6-B53A-1764AACBACA5}
	EndGlobalSection
EndGlobal
